PODS:
  - AliPay (15.7.4.2)
  - WechatOpenSDK (1.8.7.1)
  - ZiMuSDK (0.1.14):
    - ZiMuSDK/ZiMuPayBasic (= 0.1.14)
    - ZiMuSDK/ZiMuPayChannels (= 0.1.14)
  - ZiMuSDK/ZiMuPayBasic (0.1.14):
    - ZiMuSDK/ZiMuPayChannels
  - ZiMuSDK/ZiMuPayChannels (0.1.14):
    - AliPay
    - WechatOpenSDK

DEPENDENCIES:
  - ZiMuSDK (from `../`)

SPEC REPOS:
  trunk:
    - AliPay
    - WechatOpenSDK

EXTERNAL SOURCES:
  ZiMuSDK:
    :path: "../"

SPEC CHECKSUMS:
  AliPay: ae0d58ea9a464a8b56396e3c3987574fe727a714
  WechatOpenSDK: 6a4d1436c15b3b5fe2a0bd383f3046010186da44
  ZiMuSDK: 5fe3ab3f34c08842e353259e13590d0fde87207d

PODFILE CHECKSUM: bc0fee91639b4f21e4ff9960bf4167761d142a6c

COCOAPODS: 1.11.2
