PODS:
  - AliPay (15.7.4.2)
  - WechatOpenSDK (1.8.7.1)
  - ZiMuSDK (0.1.15):
    - ZiMuSDK/ZiMuPayBasic (= 0.1.15)
    - ZiMuSDK/ZiMuPayChannels (= 0.1.15)
  - ZiMuSDK/ZiMuPayBasic (0.1.15):
    - ZiMuSDK/ZiMuPayChannels
  - ZiMuSDK/ZiMuPayChannels (0.1.15):
    - AliPay
    - WechatOpenSDK

DEPENDENCIES:
  - ZiMuSDK (from `../`)

SPEC REPOS:
  trunk:
    - AliPay
    - WechatOpenSDK

EXTERNAL SOURCES:
  ZiMuSDK:
    :path: "../"

SPEC CHECKSUMS:
  AliPay: ae0d58ea9a464a8b56396e3c3987574fe727a714
  WechatOpenSDK: 6a4d1436c15b3b5fe2a0bd383f3046010186da44
  ZiMuSDK: d445ba66660e4921c694253a2cb2182fa399c3e6

PODFILE CHECKSUM: abd09f8b47bb1f86254fb7562534082d743169b8

COCOAPODS: 1.11.2
